<?xml version="1.0" encoding="UTF-8"?>
<CodeBlocks_project_file>
	<FileVersion major="1" minor="6"/>
	<Project>
		<Option title="C__"/>
		<Option makefile_is_custom="1"/>
		<Option compiler="gcc"/>
		<Option virtualFolders="CMake Files\;"/>
		<Build>
			<Target title="all">
				<Option working_dir="/Users/chengkun/workspace/Assemble/C++"/>
				<Option type="4"/>
				<MakeCommands>
					<Build command="/usr/bin/make -f &quot;/Users/chengkun/workspace/Assemble/C++/Makefile&quot;  VERBOSE=1 all"/>
					<CompileFile command="/usr/bin/make -f &quot;/Users/chengkun/workspace/Assemble/C++/Makefile&quot;  VERBOSE=1 &quot;$file&quot;"/>
					<Clean command="/usr/bin/make -f &quot;/Users/chengkun/workspace/Assemble/C++/Makefile&quot;  VERBOSE=1 clean"/>
					<DistClean command="/usr/bin/make -f &quot;/Users/chengkun/workspace/Assemble/C++/Makefile&quot;  VERBOSE=1 clean"/>
				</MakeCommands>
			</Target>
			<Target title="rebuild_cache">
				<Option working_dir="/Users/chengkun/workspace/Assemble/C++"/>
				<Option type="4"/>
				<MakeCommands>
					<Build command="/usr/bin/make -f &quot;/Users/chengkun/workspace/Assemble/C++/Makefile&quot;  VERBOSE=1 rebuild_cache"/>
					<CompileFile command="/usr/bin/make -f &quot;/Users/chengkun/workspace/Assemble/C++/Makefile&quot;  VERBOSE=1 &quot;$file&quot;"/>
					<Clean command="/usr/bin/make -f &quot;/Users/chengkun/workspace/Assemble/C++/Makefile&quot;  VERBOSE=1 clean"/>
					<DistClean command="/usr/bin/make -f &quot;/Users/chengkun/workspace/Assemble/C++/Makefile&quot;  VERBOSE=1 clean"/>
				</MakeCommands>
			</Target>
			<Target title="edit_cache">
				<Option working_dir="/Users/chengkun/workspace/Assemble/C++"/>
				<Option type="4"/>
				<MakeCommands>
					<Build command="/usr/bin/make -f &quot;/Users/chengkun/workspace/Assemble/C++/Makefile&quot;  VERBOSE=1 edit_cache"/>
					<CompileFile command="/usr/bin/make -f &quot;/Users/chengkun/workspace/Assemble/C++/Makefile&quot;  VERBOSE=1 &quot;$file&quot;"/>
					<Clean command="/usr/bin/make -f &quot;/Users/chengkun/workspace/Assemble/C++/Makefile&quot;  VERBOSE=1 clean"/>
					<DistClean command="/usr/bin/make -f &quot;/Users/chengkun/workspace/Assemble/C++/Makefile&quot;  VERBOSE=1 clean"/>
				</MakeCommands>
			</Target>
			<Target title="C__">
				<Option output="/Users/chengkun/workspace/Assemble/C++/C__" prefix_auto="0" extension_auto="0"/>
				<Option working_dir="/Users/chengkun/workspace/Assemble/C++"/>
				<Option object_output="./"/>
				<Option type="1"/>
				<Option compiler="gcc"/>
				<Compiler/>
				<MakeCommands>
					<Build command="/usr/bin/make -f &quot;/Users/chengkun/workspace/Assemble/C++/Makefile&quot;  VERBOSE=1 C__"/>
					<CompileFile command="/usr/bin/make -f &quot;/Users/chengkun/workspace/Assemble/C++/Makefile&quot;  VERBOSE=1 &quot;$file&quot;"/>
					<Clean command="/usr/bin/make -f &quot;/Users/chengkun/workspace/Assemble/C++/Makefile&quot;  VERBOSE=1 clean"/>
					<DistClean command="/usr/bin/make -f &quot;/Users/chengkun/workspace/Assemble/C++/Makefile&quot;  VERBOSE=1 clean"/>
				</MakeCommands>
			</Target>
			<Target title="C__/fast">
				<Option output="/Users/chengkun/workspace/Assemble/C++/C__" prefix_auto="0" extension_auto="0"/>
				<Option working_dir="/Users/chengkun/workspace/Assemble/C++"/>
				<Option object_output="./"/>
				<Option type="1"/>
				<Option compiler="gcc"/>
				<Compiler/>
				<MakeCommands>
					<Build command="/usr/bin/make -f &quot;/Users/chengkun/workspace/Assemble/C++/Makefile&quot;  VERBOSE=1 C__/fast"/>
					<CompileFile command="/usr/bin/make -f &quot;/Users/chengkun/workspace/Assemble/C++/Makefile&quot;  VERBOSE=1 &quot;$file&quot;"/>
					<Clean command="/usr/bin/make -f &quot;/Users/chengkun/workspace/Assemble/C++/Makefile&quot;  VERBOSE=1 clean"/>
					<DistClean command="/usr/bin/make -f &quot;/Users/chengkun/workspace/Assemble/C++/Makefile&quot;  VERBOSE=1 clean"/>
				</MakeCommands>
			</Target>
		</Build>
		<Unit filename="/Users/chengkun/workspace/Assemble/C++/main.cpp">
			<Option target="C__"/>
		</Unit>
		<Unit filename="/Users/chengkun/workspace/Assemble/C++/面向对象/【1】类和对象/【1】类的成员函数/Box.cpp">
			<Option target="C__"/>
		</Unit>
		<Unit filename="/Users/chengkun/workspace/Assemble/C++/面向对象/【1】类和对象/【1】类的成员函数/Box.h">
			<Option target="C__"/>
		</Unit>
		<Unit filename="/Users/chengkun/workspace/Assemble/C++/面向对象/【1】类和对象/【1】类的成员函数/Circle.cpp">
			<Option target="C__"/>
		</Unit>
		<Unit filename="/Users/chengkun/workspace/Assemble/C++/面向对象/【1】类和对象/【2】构造函数和析构函数/Constructor.cpp">
			<Option target="C__"/>
		</Unit>
		<Unit filename="/Users/chengkun/workspace/Assemble/C++/面向对象/【1】类和对象/【2】构造函数和析构函数/Constructor.h">
			<Option target="C__"/>
		</Unit>
		<Unit filename="/Users/chengkun/workspace/Assemble/C++/面向对象/【1】类和对象/【2】构造函数和析构函数/Line.cpp">
			<Option target="C__"/>
		</Unit>
		<Unit filename="/Users/chengkun/workspace/Assemble/C++/面向对象/【1】类和对象/【2】构造函数和析构函数/Line.h">
			<Option target="C__"/>
		</Unit>
		<Unit filename="/Users/chengkun/workspace/Assemble/C++/面向对象/【1】类和对象/【3】友元函数/Friend.cpp">
			<Option target="C__"/>
		</Unit>
		<Unit filename="/Users/chengkun/workspace/Assemble/C++/面向对象/【1】类和对象/【3】友元函数/Friend.h">
			<Option target="C__"/>
		</Unit>
		<Unit filename="/Users/chengkun/workspace/Assemble/C++/面向对象/【1】类和对象/【3】友元函数/MySelf.cpp">
			<Option target="C__"/>
		</Unit>
		<Unit filename="/Users/chengkun/workspace/Assemble/C++/面向对象/【1】类和对象/【3】友元函数/MySelf.h">
			<Option target="C__"/>
		</Unit>
		<Unit filename="/Users/chengkun/workspace/Assemble/C++/面向对象/【1】类和对象/【4】内联函数/InlineFun.cpp">
			<Option target="C__"/>
		</Unit>
		<Unit filename="/Users/chengkun/workspace/Assemble/C++/面向对象/【1】类和对象/【4】内联函数/InlineFun.h">
			<Option target="C__"/>
		</Unit>
		<Unit filename="/Users/chengkun/workspace/Assemble/C++/面向对象/【1】类和对象/【5】类的静态成员/StaticBox.cpp">
			<Option target="C__"/>
		</Unit>
		<Unit filename="/Users/chengkun/workspace/Assemble/C++/面向对象/【1】类和对象/【5】类的静态成员/StaticBox.h">
			<Option target="C__"/>
		</Unit>
		<Unit filename="/Users/chengkun/workspace/Assemble/C++/面向对象/【2】继承/【1】继承/Base.cpp">
			<Option target="C__"/>
		</Unit>
		<Unit filename="/Users/chengkun/workspace/Assemble/C++/面向对象/【2】继承/【1】继承/Base.h">
			<Option target="C__"/>
		</Unit>
		<Unit filename="/Users/chengkun/workspace/Assemble/C++/面向对象/【2】继承/【2】多重继承和虚继承/MultipleInheritance.cpp">
			<Option target="C__"/>
		</Unit>
		<Unit filename="/Users/chengkun/workspace/Assemble/C++/面向对象/【2】继承/【2】多重继承和虚继承/VirtualInheritance.cpp">
			<Option target="C__"/>
		</Unit>
		<Unit filename="/Users/chengkun/workspace/Assemble/C++/面向对象/【3】重载运算符和重载函数/重载函数/PrintData.cpp">
			<Option target="C__"/>
		</Unit>
		<Unit filename="/Users/chengkun/workspace/Assemble/C++/面向对象/【3】重载运算符和重载函数/重载函数/PrintData.h">
			<Option target="C__"/>
		</Unit>
		<Unit filename="/Users/chengkun/workspace/Assemble/C++/面向对象/【4】多态/Polymorphism.cpp">
			<Option target="C__"/>
		</Unit>
		<Unit filename="/Users/chengkun/workspace/Assemble/C++/面向对象/【4】多态/Polymorphism.h">
			<Option target="C__"/>
		</Unit>
		<Unit filename="/Users/chengkun/workspace/Assemble/C++/面向对象/【4】多态/静态多态和动态链接/StaticPolymorphismAndDynamicLink.cpp">
			<Option target="C__"/>
		</Unit>
		<Unit filename="/Users/chengkun/workspace/Assemble/C++/面向对象/【4】多态/静态多态和动态链接/StaticPolymorphismAndDynamicLink.h">
			<Option target="C__"/>
		</Unit>
		<Unit filename="/Users/chengkun/workspace/Assemble/C++/CMakeLists.txt">
			<Option virtualFolder="CMake Files\"/>
		</Unit>
	</Project>
</CodeBlocks_project_file>
